Microsoft Visual Studio Solution File, Format Version 12.00
# Visual Studio Version 17
VisualStudioVersion = 17.5.2.0
MinimumVisualStudioVersion = 10.0.40219.1
Project("{FAE04EC0-301F-11D3-BF4B-00C04F79EFBC}") = "scripts", "scripts\scripts.csproj", "{0B141253-1B22-5AC3-4C37-7AF74E680A69}"
EndProject
Global
	GlobalSection(SolutionConfigurationPlatforms) = preSolution
		Debug|Any CPU = Debug|Any CPU
		Release|Any CPU = Release|Any CPU
	EndGlobalSection
	GlobalSection(ProjectConfigurationPlatforms) = postSolution
		{0B141253-1B22-5AC3-4C37-7AF74E680A69}.Debug|Any CPU.ActiveCfg = Debug|Any CPU
		{0B141253-1B22-5AC3-4C37-7AF74E680A69}.Debug|Any CPU.Build.0 = Debug|Any CPU
		{0B141253-1B22-5AC3-4C37-7AF74E680A69}.Release|Any CPU.ActiveCfg = Release|Any CPU
		{0B141253-1B22-5AC3-4C37-7AF74E680A69}.Release|Any CPU.Build.0 = Release|Any CPU
	EndGlobalSection
	GlobalSection(SolutionProperties) = preSolution
		HideSolutionNode = FALSE
	EndGlobalSection
	GlobalSection(ExtensibilityGlobals) = postSolution
		SolutionGuid = {B090CA98-1FCB-4A0E-AA82-5F44CAD67BD2}
	EndGlobalSection
EndGlobal
